// !$*UTF8*$!
{
	archiveVersion = 1;
	classes = {
	};
	objectVersion = 46;
	objects = {

/* Begin PBXBuildFile section */
		3975AE311B3D5C8600E45E5B /* AlbertEinsteinStamp.jpg in Resources */ = {isa = PBXBuildFile; fileRef = 3975AE301B3D5C8600E45E5B /* AlbertEinsteinStamp.jpg */; };
		39F889761B3C153D002658AD /* AppDelegate.swift in Sources */ = {isa = PBXBuildFile; fileRef = 39F889751B3C153D002658AD /* AppDelegate.swift */; };
		39F889781B3C153D002658AD /* ViewController.swift in Sources */ = {isa = PBXBuildFile; fileRef = 39F889771B3C153D002658AD /* ViewController.swift */; };
		39F8897B1B3C153D002658AD /* Main.storyboard in Resources */ = {isa = PBXBuildFile; fileRef = 39F889791B3C153D002658AD /* Main.storyboard */; };
		39F8897D1B3C153D002658AD /* Images.xcassets in Resources */ = {isa = PBXBuildFile; fileRef = 39F8897C1B3C153D002658AD /* Images.xcassets */; };
		39F889801B3C153D002658AD /* LaunchScreen.xib in Resources */ = {isa = PBXBuildFile; fileRef = 39F8897E1B3C153D002658AD /* LaunchScreen.xib */; };
		39F8898C1B3C153D002658AD /* PostcardTests.swift in Sources */ = {isa = PBXBuildFile; fileRef = 39F8898B1B3C153D002658AD /* PostcardTests.swift */; };
		39F889961B3C1B77002658AD /* SagradaFamilia.jpeg in Resources */ = {isa = PBXBuildFile; fileRef = 39F889951B3C1B77002658AD /* SagradaFamilia.jpeg */; };
/* End PBXBuildFile section */

/* Begin PBXContainerItemProxy section */
		39F889861B3C153D002658AD /* PBXContainerItemProxy */ = {
			isa = PBXContainerItemProxy;
			containerPortal = 39F889681B3C153C002658AD /* Project object */;
			proxyType = 1;
			remoteGlobalIDString = 39F8896F1B3C153D002658AD;
			remoteInfo = Postcard;
		};
/* End PBXContainerItemProxy section */

/* Begin PBXFileReference section */
		3975AE301B3D5C8600E45E5B /* AlbertEinsteinStamp.jpg */ = {isa = PBXFileReference; lastKnownFileType = image.jpeg; path = AlbertEinsteinStamp.jpg; sourceTree = "<group>"; };
		39F889701B3C153D002658AD /* Postcard.app */ = {isa = PBXFileReference; explicitFileType = wrapper.application; includeInIndex = 0; path = Postcard.app; sourceTree = BUILT_PRODUCTS_DIR; };
		39F889741B3C153D002658AD /* Info.plist */ = {isa = PBXFileReference; lastKnownFileType = text.plist.xml; path = Info.plist; sourceTree = "<group>"; };
		39F889751B3C153D002658AD /* AppDelegate.swift */ = {isa = PBXFileReference; lastKnownFileType = sourcecode.swift; path = AppDelegate.swift; sourceTree = "<group>"; };
		39F889771B3C153D002658AD /* ViewController.swift */ = {isa = PBXFileReference; lastKnownFileType = sourcecode.swift; path = ViewController.swift; sourceTree = "<group>"; };
		39F8897A1B3C153D002658AD /* Base */ = {isa = PBXFileReference; lastKnownFileType = file.storyboard; name = Base; path = Base.lproj/Main.storyboard; sourceTree = "<group>"; };
		39F8897C1B3C153D002658AD /* Images.xcassets */ = {isa = PBXFileReference; lastKnownFileType = folder.assetcatalog; path = Images.xcassets; sourceTree = "<group>"; };
		39F8897F1B3C153D002658AD /* Base */ = {isa = PBXFileReference; lastKnownFileType = file.xib; name = Base; path = Base.lproj/LaunchScreen.xib; sourceTree = "<group>"; };
		39F889851B3C153D002658AD /* PostcardTests.xctest */ = {isa = PBXFileReference; explicitFileType = wrapper.cfbundle; includeInIndex = 0; path = PostcardTests.xctest; sourceTree = BUILT_PRODUCTS_DIR; };
		39F8898A1B3C153D002658AD /* Info.plist */ = {isa = PBXFileReference; lastKnownFileType = text.plist.xml; path = Info.plist; sourceTree = "<group>"; };
		39F8898B1B3C153D002658AD /* PostcardTests.swift */ = {isa = PBXFileReference; lastKnownFileType = sourcecode.swift; path = PostcardTests.swift; sourceTree = "<group>"; };
		39F889951B3C1B77002658AD /* SagradaFamilia.jpeg */ = {isa = PBXFileReference; lastKnownFileType = image.jpeg; path = SagradaFamilia.jpeg; sourceTree = "<group>"; };
/* End PBXFileReference section */

/* Begin PBXFrameworksBuildPhase section */
		39F8896D1B3C153D002658AD /* Frameworks */ = {
			isa = PBXFrameworksBuildPhase;
			buildActionMask = 2147483647;
			files = (
			);
			runOnlyForDeploymentPostprocessing = 0;
		};
		39F889821B3C153D002658AD /* Frameworks */ = {
			isa = PBXFrameworksBuildPhase;
			buildActionMask = 2147483647;
			files = (
			);
			runOnlyForDeploymentPostprocessing = 0;
		};
/* End PBXFrameworksBuildPhase section */

/* Begin PBXGroup section */
		39F889671B3C153C002658AD = {
			isa = PBXGroup;
			children = (
				39F889721B3C153D002658AD /* Postcard */,
				39F889881B3C153D002658AD /* PostcardTests */,
				39F889711B3C153D002658AD /* Products */,
			);
			sourceTree = "<group>";
		};
		39F889711B3C153D002658AD /* Products */ = {
			isa = PBXGroup;
			children = (
				39F889701B3C153D002658AD /* Postcard.app */,
				39F889851B3C153D002658AD /* PostcardTests.xctest */,
			);
			name = Products;
			sourceTree = "<group>";
		};
		39F889721B3C153D002658AD /* Postcard */ = {
			isa = PBXGroup;
			children = (
				39F889751B3C153D002658AD /* AppDelegate.swift */,
				39F889771B3C153D002658AD /* ViewController.swift */,
				39F889791B3C153D002658AD /* Main.storyboard */,
				39F8897C1B3C153D002658AD /* Images.xcassets */,
				39F8897E1B3C153D002658AD /* LaunchScreen.xib */,
				39F889731B3C153D002658AD /* Supporting Files */,
			);
			path = Postcard;
			sourceTree = "<group>";
		};
		39F889731B3C153D002658AD /* Supporting Files */ = {
			isa = PBXGroup;
			children = (
				3975AE301B3D5C8600E45E5B /* AlbertEinsteinStamp.jpg */,
				39F889951B3C1B77002658AD /* SagradaFamilia.jpeg */,
				39F889741B3C153D002658AD /* Info.plist */,
			);
			name = "Supporting Files";
			sourceTree = "<group>";
		};
		39F889881B3C153D002658AD /* PostcardTests */ = {
			isa = PBXGroup;
			children = (
				39F8898B1B3C153D002658AD /* PostcardTests.swift */,
				39F889891B3C153D002658AD /* Supporting Files */,
			);
			path = PostcardTests;
			sourceTree = "<group>";
		};
		39F889891B3C153D002658AD /* Supporting Files */ = {
			isa = PBXGroup;
			children = (
				39F8898A1B3C153D002658AD /* Info.plist */,
			);
			name = "Supporting Files";
			sourceTree = "<group>";
		};
/* End PBXGroup section */

/* Begin PBXNativeTarget section */
		39F8896F1B3C153D002658AD /* Postcard */ = {
			isa = PBXNativeTarget;
			buildConfigurationList = 39F8898F1B3C153D002658AD /* Build configuration list for PBXNativeTarget "Postcard" */;
			buildPhases = (
				39F8896C1B3C153D002658AD /* Sources */,
				39F8896D1B3C153D002658AD /* Frameworks */,
				39F8896E1B3C153D002658AD /* Resources */,
			);
			buildRules = (
			);
			dependencies = (
			);
			name = Postcard;
			productName = Postcard;
			productReference = 39F889701B3C153D002658AD /* Postcard.app */;
			productType = "com.apple.product-type.application";
		};
		39F889841B3C153D002658AD /* PostcardTests */ = {
			isa = PBXNativeTarget;
			buildConfigurationList = 39F889921B3C153D002658AD /* Build configuration list for PBXNativeTarget "PostcardTests" */;
			buildPhases = (
				39F889811B3C153D002658AD /* Sources */,
				39F889821B3C153D002658AD /* Frameworks */,
				39F889831B3C153D002658AD /* Resources */,
			);
			buildRules = (
			);
			dependencies = (
				39F889871B3C153D002658AD /* PBXTargetDependency */,
			);
			name = PostcardTests;
			productName = PostcardTests;
			productReference = 39F889851B3C153D002658AD /* PostcardTests.xctest */;
			productType = "com.apple.product-type.bundle.unit-test";
		};
/* End PBXNativeTarget section */

/* Begin PBXProject section */
		39F889681B3C153C002658AD /* Project object */ = {
			isa = PBXProject;
			attributes = {
				LastSwiftUpdateCheck = 0700;
				LastUpgradeCheck = 0630;
				ORGANIZATIONNAME = Sitekit;
				TargetAttributes = {
					39F8896F1B3C153D002658AD = {
						CreatedOnToolsVersion = 6.3.2;
						DevelopmentTeam = KXA65FZ739;
					};
					39F889841B3C153D002658AD = {
						CreatedOnToolsVersion = 6.3.2;
						TestTargetID = 39F8896F1B3C153D002658AD;
					};
				};
			};
			buildConfigurationList = 39F8896B1B3C153C002658AD /* Build configuration list for PBXProject "Postcard" */;
			compatibilityVersion = "Xcode 3.2";
			developmentRegion = English;
			hasScannedForEncodings = 0;
			knownRegions = (
				en,
				Base,
			);
			mainGroup = 39F889671B3C153C002658AD;
			productRefGroup = 39F889711B3C153D002658AD /* Products */;
			projectDirPath = "";
			projectRoot = "";
			targets = (
				39F8896F1B3C153D002658AD /* Postcard */,
				39F889841B3C153D002658AD /* PostcardTests */,
			);
		};
/* End PBXProject section */

/* Begin PBXResourcesBuildPhase section */
		39F8896E1B3C153D002658AD /* Resources */ = {
			isa = PBXResourcesBuildPhase;
			buildActionMask = 2147483647;
			files = (
				39F8897B1B3C153D002658AD /* Main.storyboard in Resources */,
				39F889961B3C1B77002658AD /* SagradaFamilia.jpeg in Resources */,
				3975AE311B3D5C8600E45E5B /* AlbertEinsteinStamp.jpg in Resources */,
				39F889801B3C153D002658AD /* LaunchScreen.xib in Resources */,
				39F8897D1B3C153D002658AD /* Images.xcassets in Resources */,
			);
			runOnlyForDeploymentPostprocessing = 0;
		};
		39F889831B3C153D002658AD /* Resources */ = {
			isa = PBXResourcesBuildPhase;
			buildActionMask = 2147483647;
			files = (
			);
			runOnlyForDeploymentPostprocessing = 0;
		};
/* End PBXResourcesBuildPhase section */

/* Begin PBXSourcesBuildPhase section */
		39F8896C1B3C153D002658AD /* Sources */ = {
			isa = PBXSourcesBuildPhase;
			buildActionMask = 2147483647;
			files = (
				39F889781B3C153D002658AD /* ViewController.swift in Sources */,
				39F889761B3C153D002658AD /* AppDelegate.swift in Sources */,
			);
			runOnlyForDeploymentPostprocessing = 0;
		};
		39F889811B3C153D002658AD /* Sources */ = {
			isa = PBXSourcesBuildPhase;
			buildActionMask = 2147483647;
			files = (
				39F8898C1B3C153D002658AD /* PostcardTests.swift in Sources */,
			);
			runOnlyForDeploymentPostprocessing = 0;
		};
/* End PBXSourcesBuildPhase section */

/* Begin PBXTargetDependency section */
		39F889871B3C153D002658AD /* PBXTargetDependency */ = {
			isa = PBXTargetDependency;
			target = 39F8896F1B3C153D002658AD /* Postcard */;
			targetProxy = 39F889861B3C153D002658AD /* PBXContainerItemProxy */;
		};
/* End PBXTargetDependency section */

/* Begin PBXVariantGroup section */
		39F889791B3C153D002658AD /* Main.storyboard */ = {
			isa = PBXVariantGroup;
			children = (
				39F8897A1B3C153D002658AD /* Base */,
			);
			name = Main.storyboard;
			sourceTree = "<group>";
		};
		39F8897E1B3C153D002658AD /* LaunchScreen.xib */ = {
			isa = PBXVariantGroup;
			children = (
				39F8897F1B3C153D002658AD /* Base */,
			);
			name = LaunchScreen.xib;
			sourceTree = "<group>";
		};
/* End PBXVariantGroup section */

/* Begin XCBuildConfiguration section */
		39F8898D1B3C153D002658AD /* Debug */ = {
			isa = XCBuildConfiguration;
			buildSettings = {
				ALWAYS_SEARCH_USER_PATHS = NO;
				CLANG_CXX_LANGUAGE_STANDARD = "gnu++0x";
				CLANG_CXX_LIBRARY = "libc++";
				CLANG_ENABLE_MODULES = YES;
				CLANG_ENABLE_OBJC_ARC = YES;
				CLANG_WARN_BOOL_CONVERSION = YES;
				CLANG_WARN_CONSTANT_CONVERSION = YES;
				CLANG_WARN_DIRECT_OBJC_ISA_USAGE = YES_ERROR;
				CLANG_WARN_EMPTY_BODY = YES;
				CLANG_WARN_ENUM_CONVERSION = YES;
				CLANG_WARN_INT_CONVERSION = YES;
				CLANG_WARN_OBJC_ROOT_CLASS = YES_ERROR;
				CLANG_WARN_UNREACHABLE_CODE = YES;
				CLANG_WARN__DUPLICATE_METHOD_MATCH = YES;
				"CODE_SIGN_IDENTITY[sdk=iphoneos*]" = "iPhone Developer";
				COPY_PHASE_STRIP = NO;
				DEBUG_INFORMATION_FORMAT = "dwarf-with-dsym";
				ENABLE_STRICT_OBJC_MSGSEND = YES;
				GCC_C_LANGUAGE_STANDARD = gnu99;
				GCC_DYNAMIC_NO_PIC = NO;
				GCC_NO_COMMON_BLOCKS = YES;
				GCC_OPTIMIZATION_LEVEL = 0;
				GCC_PREPROCESSOR_DEFINITIONS = (
					"DEBUG=1",
					"$(inherited)",
				);
				GCC_SYMBOLS_PRIVATE_EXTERN = NO;
				GCC_WARN_64_TO_32_BIT_CONVERSION = YES;
				GCC_WARN_ABOUT_RETURN_TYPE = YES_ERROR;
				GCC_WARN_UNDECLARED_SELECTOR = YES;
				GCC_WARN_UNINITIALIZED_AUTOS = YES_AGGRESSIVE;
				GCC_WARN_UNUSED_FUNCTION = YES;
				GCC_WARN_UNUSED_VARIABLE = YES;
				IPHONEOS_DEPLOYMENT_TARGET = 8.3;
				MTL_ENABLE_DEBUG_INFO = YES;
				ONLY_ACTIVE_ARCH = YES;
				SDKROOT = iphoneos;
				SWIFT_OPTIMIZATION_LEVEL = "-Onone";
				TARGETED_DEVICE_FAMILY = "1,2";
			};
			name = Debug;
		};
		39F8898E1B3C153D002658AD /* Release */ = {
			isa = XCBuildConfiguration;
			buildSettings = {
				ALWAYS_SEARCH_USER_PATHS = NO;
				CLANG_CXX_LANGUAGE_STANDARD = "gnu++0x";
				CLANG_CXX_LIBRARY = "libc++";
				CLANG_ENABLE_MODULES = YES;
				CLANG_ENABLE_OBJC_ARC = YES;
				CLANG_WARN_BOOL_CONVERSION = YES;
				CLANG_WARN_CONSTANT_CONVERSION = YES;
				CLANG_WARN_DIRECT_OBJC_ISA_USAGE = YES_ERROR;
				CLANG_WARN_EMPTY_BODY = YES;
				CLANG_WARN_ENUM_CONVERSION = YES;
				CLANG_WARN_INT_CONVERSION = YES;
				CLANG_WARN_OBJC_ROOT_CLASS = YES_ERROR;
				CLANG_WARN_UNREACHABLE_CODE = YES;
				CLANG_WARN__DUPLICATE_METHOD_MATCH = YES;
				"CODE_SIGN_IDENTITY[sdk=iphoneos*]" = "iPhone Developer";
				COPY_PHASE_STRIP = NO;
				DEBUG_INFORMATION_FORMAT = "dwarf-with-dsym";
				ENABLE_NS_ASSERTIONS = NO;
				ENABLE_STRICT_OBJC_MSGSEND = YES;
				GCC_C_LANGUAGE_STANDARD = gnu99;
				GCC_NO_COMMON_BLOCKS = YES;
				GCC_WARN_64_TO_32_BIT_CONVERSION = YES;
				GCC_WARN_ABOUT_RETURN_TYPE = YES_ERROR;
				GCC_WARN_UNDECLARED_SELECTOR = YES;
				GCC_WARN_UNINITIALIZED_AUTOS = YES_AGGRESSIVE;
				GCC_WARN_UNUSED_FUNCTION = YES;
				GCC_WARN_UNUSED_VARIABLE = YES;
				IPHONEOS_DEPLOYMENT_TARGET = 8.3;
				MTL_ENABLE_DEBUG_INFO = NO;
				SDKROOT = iphoneos;
				TARGETED_DEVICE_FAMILY = "1,2";
				VALIDATE_PRODUCT = YES;
			};
			name = Release;
		};
		39F889901B3C153D002658AD /* Debug */ = {
			isa = XCBuildConfiguration;
			buildSettings = {
				ASSETCATALOG_COMPILER_APPICON_NAME = AppIcon;
				CODE_SIGN_IDENTITY = "iPhone Developer";
				"CODE_SIGN_IDENTITY[sdk=iphoneos*]" = "iPhone Developer";
				INFOPLIST_FILE = Postcard/Info.plist;
				LD_RUNPATH_SEARCH_PATHS = "$(inherited) @executable_path/Frameworks";
				PRODUCT_NAME = "$(TARGET_NAME)";
				PROVISIONING_PROFILE = "";
			};
			name = Debug;
		};
		39F889911B3C153D002658AD /* Release */ = {
			isa = XCBuildConfiguration;
			buildSettings = {
				ASSETCATALOG_COMPILER_APPICON_NAME = AppIcon;
				CODE_SIGN_IDENTITY = "iPhone Developer";
				"CODE_SIGN_IDENTITY[sdk=iphoneos*]" = "iPhone Developer";
				INFOPLIST_FILE = Postcard/Info.plist;
				LD_RUNPATH_SEARCH_PATHS = "$(inherited) @executable_path/Frameworks";
				PRODUCT_NAME = "$(TARGET_NAME)";
				PROVISIONING_PROFILE = "";
			};
			name = Release;
		};
		39F889931B3C153D002658AD /* Debug */ = {
			isa = XCBuildConfiguration;
			buildSettings = {
				BUNDLE_LOADER = "$(TEST_HOST)";
				FRAMEWORK_SEARCH_PATHS = (
					"$(SDKROOT)/Developer/Library/Frameworks",
					"$(inherited)",
				);
				GCC_PREPROCESSOR_DEFINITIONS = (
					"DEBUG=1",
					"$(inherited)",
				);
				INFOPLIST_FILE = PostcardTests/Info.plist;
				LD_RUNPATH_SEARCH_PATHS = "$(inherited) @executable_path/Frameworks @loader_path/Frameworks";
				PRODUCT_NAME = "$(TARGET_NAME)";
				TEST_HOST = "$(BUILT_PRODUCTS_DIR)/Postcard.app/Postcard";
			};
			name = Debug;
		};
		39F889941B3C153D002658AD /* Release */ = {
			isa = XCBuildConfiguration;
			buildSettings = {
				BUNDLE_LOADER = "$(TEST_HOST)";
				FRAMEWORK_SEARCH_PATHS = (
					"$(SDKROOT)/Developer/Library/Frameworks",
					"$(inherited)",
				);
				INFOPLIST_FILE = PostcardTests/Info.plist;
				LD_RUNPATH_SEARCH_PATHS = "$(inherited) @executable_path/Frameworks @loader_path/Frameworks";
				PRODUCT_NAME = "$(TARGET_NAME)";
				TEST_HOST = "$(BUILT_PRODUCTS_DIR)/Postcard.app/Postcard";
			};
			name = Release;
		};
/* End XCBuildConfiguration section */

/* Begin XCConfigurationList section */
		39F8896B1B3C153C002658AD /* Build configuration list for PBXProject "Postcard" */ = {
			isa = XCConfigurationList;
			buildConfigurations = (
				39F8898D1B3C153D002658AD /* Debug */,
				39F8898E1B3C153D002658AD /* Release */,
			);
			defaultConfigurationIsVisible = 0;
			defaultConfigurationName = Release;
		};
		39F8898F1B3C153D002658AD /* Build configuration list for PBXNativeTarget "Postcard" */ = {
			isa = XCConfigurationList;
			buildConfigurations = (
				39F889901B3C153D002658AD /* Debug */,
				39F889911B3C153D002658AD /* Release */,
			);
			defaultConfigurationIsVisible = 0;
			defaultConfigurationName = Release;
		};
		39F889921B3C153D002658AD /* Build configuration list for PBXNativeTarget "PostcardTests" */ = {
			isa = XCConfigurationList;
			buildConfigurations = (
				39F889931B3C153D002658AD /* Debug */,
				39F889941B3C153D002658AD /* Release */,
			);
			defaultConfigurationIsVisible = 0;
			defaultConfigurationName = Release;
		};
/* End XCConfigurationList section */
	};
	rootObject = 39F889681B3C153C002658AD /* Project object */;
}
